
Microsoft Visual Studio Solution File, Format Version 12.00
# Visual Studio 15
VisualStudioVersion = 15.0.27004.2010
MinimumVisualStudioVersion = 10.0.40219.1
Project("{FAE04EC0-301F-11D3-BF4B-00C04F79EFBC}") = "pr12_Stack", "pr12_Stack\pr12_Stack.csproj", "{9B325F12-2C3C-4782-B549-2DD3456AAD16}"
EndProject
Global
	GlobalSection(SolutionConfigurationPlatforms) = preSolution
		Debug|Any CPU = Debug|Any CPU
		Release|Any CPU = Release|Any CPU
	EndGlobalSection
	GlobalSection(ProjectConfigurationPlatforms) = postSolution
		{9B325F12-2C3C-4782-B549-2DD3456AAD16}.Debug|Any CPU.ActiveCfg = Debug|Any CPU
		{9B325F12-2C3C-4782-B549-2DD3456AAD16}.Debug|Any CPU.Build.0 = Debug|Any CPU
		{9B325F12-2C3C-4782-B549-2DD3456AAD16}.Release|Any CPU.ActiveCfg = Release|Any CPU
		{9B325F12-2C3C-4782-B549-2DD3456AAD16}.Release|Any CPU.Build.0 = Release|Any CPU
	EndGlobalSection
	GlobalSection(SolutionProperties) = preSolution
		HideSolutionNode = FALSE
	EndGlobalSection
	GlobalSection(ExtensibilityGlobals) = postSolution
		SolutionGuid = {D66D8300-5643-4DDE-90B7-17602E23FD91}
	EndGlobalSection
EndGlobal
