
Microsoft Visual Studio Solution File, Format Version 12.00
# Visual Studio 15
VisualStudioVersion = 15.0.26403.3
MinimumVisualStudioVersion = 10.0.40219.1
Project("{FAE04EC0-301F-11D3-BF4B-00C04F79EFBC}") = "pr13", "pr13\pr13.csproj", "{289E1D5F-176B-4462-897A-C122B2202AFF}"
EndProject
Global
	GlobalSection(SolutionConfigurationPlatforms) = preSolution
		Debug|Any CPU = Debug|Any CPU
		Release|Any CPU = Release|Any CPU
	EndGlobalSection
	GlobalSection(ProjectConfigurationPlatforms) = postSolution
		{289E1D5F-176B-4462-897A-C122B2202AFF}.Debug|Any CPU.ActiveCfg = Debug|Any CPU
		{289E1D5F-176B-4462-897A-C122B2202AFF}.Debug|Any CPU.Build.0 = Debug|Any CPU
		{289E1D5F-176B-4462-897A-C122B2202AFF}.Release|Any CPU.ActiveCfg = Release|Any CPU
		{289E1D5F-176B-4462-897A-C122B2202AFF}.Release|Any CPU.Build.0 = Release|Any CPU
	EndGlobalSection
	GlobalSection(SolutionProperties) = preSolution
		HideSolutionNode = FALSE
	EndGlobalSection
EndGlobal
