
Microsoft Visual Studio Solution File, Format Version 12.00
# Visual Studio 15
VisualStudioVersion = 15.0.27004.2010
MinimumVisualStudioVersion = 10.0.40219.1
Project("{FAE04EC0-301F-11D3-BF4B-00C04F79EFBC}") = "pr5_3", "pr5_3\pr5_3.csproj", "{DDDAD5D9-FCCC-4BCC-BB5E-4720243B068D}"
EndProject
Global
	GlobalSection(SolutionConfigurationPlatforms) = preSolution
		Debug|Any CPU = Debug|Any CPU
		Release|Any CPU = Release|Any CPU
	EndGlobalSection
	GlobalSection(ProjectConfigurationPlatforms) = postSolution
		{DDDAD5D9-FCCC-4BCC-BB5E-4720243B068D}.Debug|Any CPU.ActiveCfg = Debug|Any CPU
		{DDDAD5D9-FCCC-4BCC-BB5E-4720243B068D}.Debug|Any CPU.Build.0 = Debug|Any CPU
		{DDDAD5D9-FCCC-4BCC-BB5E-4720243B068D}.Release|Any CPU.ActiveCfg = Release|Any CPU
		{DDDAD5D9-FCCC-4BCC-BB5E-4720243B068D}.Release|Any CPU.Build.0 = Release|Any CPU
	EndGlobalSection
	GlobalSection(SolutionProperties) = preSolution
		HideSolutionNode = FALSE
	EndGlobalSection
	GlobalSection(ExtensibilityGlobals) = postSolution
		SolutionGuid = {C2E50C15-8657-4544-A048-A2D42EE2C4AA}
	EndGlobalSection
EndGlobal
