
Microsoft Visual Studio Solution File, Format Version 12.00
# Visual Studio 15
VisualStudioVersion = 15.0.27004.2010
MinimumVisualStudioVersion = 10.0.40219.1
Project("{9A19103F-16F7-4668-BE54-9A1E7A4F7556}") = "pr13_SortedSet", "pr8_SortedSet\pr13_SortedSet.csproj", "{7EA7A656-8E6F-4B24-BD74-A4A9CFBD21AD}"
EndProject
Global
	GlobalSection(SolutionConfigurationPlatforms) = preSolution
		Debug|Any CPU = Debug|Any CPU
		Release|Any CPU = Release|Any CPU
	EndGlobalSection
	GlobalSection(ProjectConfigurationPlatforms) = postSolution
		{7EA7A656-8E6F-4B24-BD74-A4A9CFBD21AD}.Debug|Any CPU.ActiveCfg = Debug|Any CPU
		{7EA7A656-8E6F-4B24-BD74-A4A9CFBD21AD}.Debug|Any CPU.Build.0 = Debug|Any CPU
		{7EA7A656-8E6F-4B24-BD74-A4A9CFBD21AD}.Release|Any CPU.ActiveCfg = Release|Any CPU
		{7EA7A656-8E6F-4B24-BD74-A4A9CFBD21AD}.Release|Any CPU.Build.0 = Release|Any CPU
	EndGlobalSection
	GlobalSection(SolutionProperties) = preSolution
		HideSolutionNode = FALSE
	EndGlobalSection
	GlobalSection(ExtensibilityGlobals) = postSolution
		SolutionGuid = {4CAB4AD3-2BED-4C0C-ACA0-7133C7759216}
	EndGlobalSection
EndGlobal
