
Microsoft Visual Studio Solution File, Format Version 12.00
# Visual Studio 15
VisualStudioVersion = 15.0.27004.2010
MinimumVisualStudioVersion = 10.0.40219.1
Project("{FAE04EC0-301F-11D3-BF4B-00C04F79EFBC}") = "pr4_3", "pr4_3\pr4_3.csproj", "{532FF3D3-7F94-481F-9094-3D516D378B47}"
EndProject
Global
	GlobalSection(SolutionConfigurationPlatforms) = preSolution
		Debug|Any CPU = Debug|Any CPU
		Release|Any CPU = Release|Any CPU
	EndGlobalSection
	GlobalSection(ProjectConfigurationPlatforms) = postSolution
		{532FF3D3-7F94-481F-9094-3D516D378B47}.Debug|Any CPU.ActiveCfg = Debug|Any CPU
		{532FF3D3-7F94-481F-9094-3D516D378B47}.Debug|Any CPU.Build.0 = Debug|Any CPU
		{532FF3D3-7F94-481F-9094-3D516D378B47}.Release|Any CPU.ActiveCfg = Release|Any CPU
		{532FF3D3-7F94-481F-9094-3D516D378B47}.Release|Any CPU.Build.0 = Release|Any CPU
	EndGlobalSection
	GlobalSection(SolutionProperties) = preSolution
		HideSolutionNode = FALSE
	EndGlobalSection
	GlobalSection(ExtensibilityGlobals) = postSolution
		SolutionGuid = {2151C2A6-EECA-429C-A3CF-D48E244079BD}
	EndGlobalSection
EndGlobal
